Microsoft Visual Studio Solution File, Format Version 12.00
# Visual Studio 2012
Project("{FAE04EC0-301F-11D3-BF4B-00C04F79EFBC}") = "Knighturn Plugin", "Knighturn Plugin.csproj", "{FDC1A851-6847-4AE9-B916-63C4E07105F1}"
EndProject
Global
	GlobalSection(SolutionConfigurationPlatforms) = preSolution
	Debug|Any CPU = Debug|Any CPU
	ExportDebug|Any CPU = ExportDebug|Any CPU
	ExportRelease|Any CPU = ExportRelease|Any CPU
	EndGlobalSection
	GlobalSection(ProjectConfigurationPlatforms) = postSolution
		{FDC1A851-6847-4AE9-B916-63C4E07105F1}.Debug|Any CPU.ActiveCfg = Debug|Any CPU
		{FDC1A851-6847-4AE9-B916-63C4E07105F1}.Debug|Any CPU.Build.0 = Debug|Any CPU
		{FDC1A851-6847-4AE9-B916-63C4E07105F1}.ExportDebug|Any CPU.ActiveCfg = ExportDebug|Any CPU
		{FDC1A851-6847-4AE9-B916-63C4E07105F1}.ExportDebug|Any CPU.Build.0 = ExportDebug|Any CPU
		{FDC1A851-6847-4AE9-B916-63C4E07105F1}.ExportRelease|Any CPU.ActiveCfg = ExportRelease|Any CPU
		{FDC1A851-6847-4AE9-B916-63C4E07105F1}.ExportRelease|Any CPU.Build.0 = ExportRelease|Any CPU
	EndGlobalSection
EndGlobal
